
Microsoft Visual Studio Solution File, Format Version 12.00
# Visual Studio Version 17
VisualStudioVersion = 17.9.34701.34
MinimumVisualStudioVersion = 10.0.40219.1
Project("{FAE04EC0-301F-11D3-BF4B-00C04F79EFBC}") = "PeakMap", "PeakMap\PeakMap.csproj", "{B6A03236-3631-486C-A13C-F49B02DC39A9}"
EndProject
Project("{930C7802-8A8C-48F9-8165-68863BCCD9DD}") = "PeakMap Setup", "Setup\PeakMap Setup.wixproj", "{F4E6D277-BF2C-420B-9046-B39411D6BADE}"
EndProject
Project("{FAE04EC0-301F-11D3-BF4B-00C04F79EFBC}") = "CAMInputOutput", "CAMDataReader\CAMInputOutput.csproj", "{B7BA466E-E3CE-4E1A-A5BE-DC933EB0F5F7}"
EndProject
Project("{FAE04EC0-301F-11D3-BF4B-00C04F79EFBC}") = "PeakMapWPF", "PeakMapWPF\PeakMapWPF.csproj", "{4C50BBFD-35D5-49CC-97B1-A5E0173BB25D}"
EndProject
Global
	GlobalSection(SolutionConfigurationPlatforms) = preSolution
		Debug|Any CPU = Debug|Any CPU
		Debug|x64 = Debug|x64
		Debug|x86 = Debug|x86
		Release|Any CPU = Release|Any CPU
		Release|x64 = Release|x64
		Release|x86 = Release|x86
	EndGlobalSection
	GlobalSection(ProjectConfigurationPlatforms) = postSolution
		{B6A03236-3631-486C-A13C-F49B02DC39A9}.Debug|Any CPU.ActiveCfg = Debug|Any CPU
		{B6A03236-3631-486C-A13C-F49B02DC39A9}.Debug|Any CPU.Build.0 = Debug|Any CPU
		{B6A03236-3631-486C-A13C-F49B02DC39A9}.Debug|x64.ActiveCfg = Debug|Any CPU
		{B6A03236-3631-486C-A13C-F49B02DC39A9}.Debug|x64.Build.0 = Debug|Any CPU
		{B6A03236-3631-486C-A13C-F49B02DC39A9}.Debug|x86.ActiveCfg = Debug|Any CPU
		{B6A03236-3631-486C-A13C-F49B02DC39A9}.Debug|x86.Build.0 = Debug|Any CPU
		{B6A03236-3631-486C-A13C-F49B02DC39A9}.Release|Any CPU.ActiveCfg = Release|Any CPU
		{B6A03236-3631-486C-A13C-F49B02DC39A9}.Release|Any CPU.Build.0 = Release|Any CPU
		{B6A03236-3631-486C-A13C-F49B02DC39A9}.Release|x64.ActiveCfg = Release|Any CPU
		{B6A03236-3631-486C-A13C-F49B02DC39A9}.Release|x64.Build.0 = Release|Any CPU
		{B6A03236-3631-486C-A13C-F49B02DC39A9}.Release|x86.ActiveCfg = Release|Any CPU
		{B6A03236-3631-486C-A13C-F49B02DC39A9}.Release|x86.Build.0 = Release|Any CPU
		{F4E6D277-BF2C-420B-9046-B39411D6BADE}.Debug|Any CPU.ActiveCfg = Debug|x64
		{F4E6D277-BF2C-420B-9046-B39411D6BADE}.Debug|x64.ActiveCfg = Debug|x64
		{F4E6D277-BF2C-420B-9046-B39411D6BADE}.Debug|x64.Build.0 = Debug|x64
		{F4E6D277-BF2C-420B-9046-B39411D6BADE}.Debug|x86.ActiveCfg = Debug|x64
		{F4E6D277-BF2C-420B-9046-B39411D6BADE}.Release|Any CPU.ActiveCfg = Release|x64
		{F4E6D277-BF2C-420B-9046-B39411D6BADE}.Release|x64.ActiveCfg = Release|x64
		{F4E6D277-BF2C-420B-9046-B39411D6BADE}.Release|x64.Build.0 = Release|x64
		{F4E6D277-BF2C-420B-9046-B39411D6BADE}.Release|x86.ActiveCfg = Release|x64
		{B7BA466E-E3CE-4E1A-A5BE-DC933EB0F5F7}.Debug|Any CPU.ActiveCfg = Debug|Any CPU
		{B7BA466E-E3CE-4E1A-A5BE-DC933EB0F5F7}.Debug|Any CPU.Build.0 = Debug|Any CPU
		{B7BA466E-E3CE-4E1A-A5BE-DC933EB0F5F7}.Debug|x64.ActiveCfg = Debug|Any CPU
		{B7BA466E-E3CE-4E1A-A5BE-DC933EB0F5F7}.Debug|x64.Build.0 = Debug|Any CPU
		{B7BA466E-E3CE-4E1A-A5BE-DC933EB0F5F7}.Debug|x86.ActiveCfg = Debug|Any CPU
		{B7BA466E-E3CE-4E1A-A5BE-DC933EB0F5F7}.Debug|x86.Build.0 = Debug|Any CPU
		{B7BA466E-E3CE-4E1A-A5BE-DC933EB0F5F7}.Release|Any CPU.ActiveCfg = Release|Any CPU
		{B7BA466E-E3CE-4E1A-A5BE-DC933EB0F5F7}.Release|Any CPU.Build.0 = Release|Any CPU
		{B7BA466E-E3CE-4E1A-A5BE-DC933EB0F5F7}.Release|x64.ActiveCfg = Release|Any CPU
		{B7BA466E-E3CE-4E1A-A5BE-DC933EB0F5F7}.Release|x64.Build.0 = Release|Any CPU
		{B7BA466E-E3CE-4E1A-A5BE-DC933EB0F5F7}.Release|x86.ActiveCfg = Release|Any CPU
		{B7BA466E-E3CE-4E1A-A5BE-DC933EB0F5F7}.Release|x86.Build.0 = Release|Any CPU
		{4C50BBFD-35D5-49CC-97B1-A5E0173BB25D}.Debug|Any CPU.ActiveCfg = Debug|Any CPU
		{4C50BBFD-35D5-49CC-97B1-A5E0173BB25D}.Debug|Any CPU.Build.0 = Debug|Any CPU
		{4C50BBFD-35D5-49CC-97B1-A5E0173BB25D}.Debug|x64.ActiveCfg = Debug|Any CPU
		{4C50BBFD-35D5-49CC-97B1-A5E0173BB25D}.Debug|x64.Build.0 = Debug|Any CPU
		{4C50BBFD-35D5-49CC-97B1-A5E0173BB25D}.Debug|x86.ActiveCfg = Debug|Any CPU
		{4C50BBFD-35D5-49CC-97B1-A5E0173BB25D}.Debug|x86.Build.0 = Debug|Any CPU
		{4C50BBFD-35D5-49CC-97B1-A5E0173BB25D}.Release|Any CPU.ActiveCfg = Release|Any CPU
		{4C50BBFD-35D5-49CC-97B1-A5E0173BB25D}.Release|Any CPU.Build.0 = Release|Any CPU
		{4C50BBFD-35D5-49CC-97B1-A5E0173BB25D}.Release|x64.ActiveCfg = Release|Any CPU
		{4C50BBFD-35D5-49CC-97B1-A5E0173BB25D}.Release|x64.Build.0 = Release|Any CPU
		{4C50BBFD-35D5-49CC-97B1-A5E0173BB25D}.Release|x86.ActiveCfg = Release|Any CPU
		{4C50BBFD-35D5-49CC-97B1-A5E0173BB25D}.Release|x86.Build.0 = Release|Any CPU
	EndGlobalSection
	GlobalSection(SolutionProperties) = preSolution
		HideSolutionNode = FALSE
	EndGlobalSection
	GlobalSection(ExtensibilityGlobals) = postSolution
		SolutionGuid = {5621A871-4971-4C43-8AC0-95CD710A6535}
	EndGlobalSection
EndGlobal
